// !$*UTF8*$!
{
	archiveVersion = 1;
	classes = {
	};
	objectVersion = 56;
	objects = {

/* Begin PBXBuildFile section */
		1A1A1A1A1A1A1A1A1A1A1A1A /* ADHDCoachApp.swift in Sources */ = {isa = PBXBuildFile; fileRef = 2A2A2A2A2A2A2A2A2A2A2A2A /* ADHDCoachApp.swift */; };
		1A1A1A1A1A1A1A1A1A1A1A1B /* OperationStatusMessage.swift in Sources */ = {isa = PBXBuildFile; fileRef = 2A2A2A2A2A2A2A2A2A2A2A2B /* OperationStatusMessage.swift */; };
		1A1A1A1B1A1A1A1B1A1A1A1B /* ContentView.swift in Sources */ = {isa = PBXBuildFile; fileRef = 2A2A2A2B2A2A2A2B2A2A2A2B /* ContentView.swift */; };
		1A1A1A1C1A1A1A1C1A1A1A1C /* MessageBubbleView.swift in Sources */ = {isa = PBXBuildFile; fileRef = 2A2A2A2C2A2A2A2C2A2A2A2C /* MessageBubbleView.swift */; };
		1A1A1A1D1A1A1A1D1A1A1A1D /* SettingsView.swift in Sources */ = {isa = PBXBuildFile; fileRef = 2A2A2A2D2A2A2A2D2A2A2A2D /* SettingsView.swift */; };
		1A1A1A1D1A1A1A1D1A1A1A1F /* OperationStatusView.swift in Sources */ = {isa = PBXBuildFile; fileRef = 2A2A2A2D2A2A2A2D2A2A2A2F /* OperationStatusView.swift */; };
		1A1A1A1E1A1A1A1E1A1A1A1E /* ChatMessage.swift in Sources */ = {isa = PBXBuildFile; fileRef = 2A2A2A2E2A2A2A2E2A2A2A2E /* ChatMessage.swift */; };
		1A1A1A1F1A1A1A1F1A1A1A1F /* CalendarEvent.swift in Sources */ = {isa = PBXBuildFile; fileRef = 2A2A2A2F2A2A2A2F2A2A2A2F /* CalendarEvent.swift */; };
		1A1A1A201A1A1A201A1A1A20 /* ReminderItem.swift in Sources */ = {isa = PBXBuildFile; fileRef = 2A2A2A302A2A2A302A2A2A30 /* ReminderItem.swift */; };
		1A1A1A211A1A1A211A1A1A21 /* ChatManager.swift in Sources */ = {isa = PBXBuildFile; fileRef = 2A2A2A312A2A2A312A2A2A31 /* ChatManager.swift */; };
		1A1A1A221A1A1A221A1A1A22 /* EventKitManager.swift in Sources */ = {isa = PBXBuildFile; fileRef = 2A2A2A322A2A2A322A2A2A32 /* EventKitManager.swift */; };
		1A1A1A231A1A1A231A1A1A23 /* MemoryManager.swift in Sources */ = {isa = PBXBuildFile; fileRef = 2A2A2A332A2A2A332A2A2A33 /* MemoryManager.swift */; };
		2A06F4922D711B770030A1AE /* LocationManager.swift in Sources */ = {isa = PBXBuildFile; fileRef = 2A06F4912D711B770030A1AE /* LocationManager.swift */; };
		2A2A2FD52D7E339F0059A323 /* MemoryContentView.swift in Sources */ = {isa = PBXBuildFile; fileRef = 2A2A2FD42D7E339F0059A323 /* MemoryContentView.swift */; };
		2A2A2FD72D7E37A00059A323 /* PromptCachingView.swift in Sources */ = {isa = PBXBuildFile; fileRef = 2A2A2FD62D7E379F0059A323 /* PromptCachingView.swift */; };
		2A2A2FD92D7E3A760059A323 /* APIConfigurationView.swift in Sources */ = {isa = PBXBuildFile; fileRef = 2A2A2FD82D7E3A760059A323 /* APIConfigurationView.swift */; };
		2A4F81B82D84F338005CC126 /* MarkdownTextView.swift in Sources */ = {isa = PBXBuildFile; fileRef = 2A4F81B72D84F338005CC126 /* MarkdownTextView.swift */; };
		2A712F0E2D79404100D148EC /* APIModels.swift in Sources */ = {isa = PBXBuildFile; fileRef = 2A712F0C2D79404100D148EC /* APIModels.swift */; };
		2A712F0F2D79404100D148EC /* APIRequestBuilder.swift in Sources */ = {isa = PBXBuildFile; fileRef = 2A712F0D2D79404100D148EC /* APIRequestBuilder.swift */; };
		2A771BA92D725173000B70E6 /* CommandModels.swift in Sources */ = {isa = PBXBuildFile; fileRef = 2A771BA82D725173000B70E6 /* CommandModels.swift */; };
		2A9A81D52D8FC765002F3A74 /* MultipeerService+MCNearbyServiceBrowserDelegate.swift in Sources */ = {isa = PBXBuildFile; fileRef = 2A9A81D02D8FC765002F3A74 /* MultipeerService+MCNearbyServiceBrowserDelegate.swift */; };
		2A9A81D62D8FC765002F3A74 /* MultipeerService.swift in Sources */ = {isa = PBXBuildFile; fileRef = 2A9A81CE2D8FC765002F3A74 /* MultipeerService.swift */; };
		2A9A81D72D8FC765002F3A74 /* MultipeerService+Persistence.swift in Sources */ = {isa = PBXBuildFile; fileRef = 2A9A81D32D8FC765002F3A74 /* MultipeerService+Persistence.swift */; };
		2A9A81D82D8FC765002F3A74 /* MultipeerService+PeerManagement.swift in Sources */ = {isa = PBXBuildFile; fileRef = 2A9A81D22D8FC765002F3A74 /* MultipeerService+PeerManagement.swift */; };
		2A9A81D92D8FC765002F3A74 /* MultipeerService+MCNearbyServiceAdvertiserDelegate.swift in Sources */ = {isa = PBXBuildFile; fileRef = 2A9A81CF2D8FC765002F3A74 /* MultipeerService+MCNearbyServiceAdvertiserDelegate.swift */; };
		2A9A81DA2D8FC765002F3A74 /* MultipeerService+MCSessionDelegate.swift in Sources */ = {isa = PBXBuildFile; fileRef = 2A9A81D12D8FC765002F3A74 /* MultipeerService+MCSessionDelegate.swift */; };
		2A9A81DB2D8FC765002F3A74 /* MultipeerService+UnifiedAccess.swift in Sources */ = {isa = PBXBuildFile; fileRef = 2A9A81D42D8FC765002F3A74 /* MultipeerService+UnifiedAccess.swift */; };
		2A9A81DD2D8FCD46002F3A74 /* SyncDevicesView.swift in Sources */ = {isa = PBXBuildFile; fileRef = 2A9A81DC2D8FCD46002F3A74 /* SyncDevicesView.swift */; };
		2AAF0EFA2D8BA564002A3F7D /* SpeechManager.swift in Sources */ = {isa = PBXBuildFile; fileRef = 2AAF0EF92D8BA564002A3F7D /* SpeechManager.swift */; };
		2AAF0EFC2D8BA57D002A3F7D /* SpeechSettingsView.swift in Sources */ = {isa = PBXBuildFile; fileRef = 2AAF0EFB2D8BA57D002A3F7D /* SpeechSettingsView.swift */; };
		2ABF1DA72D6FFEFE00E5A6C1 /* OnboardingView.swift in Sources */ = {isa = PBXBuildFile; fileRef = 2A2A2A352A2A2A352A2A2A35 /* OnboardingView.swift */; };
		2AE9FAFB2D9256FC00C79F0E /* KeyboardManager.swift in Sources */ = {isa = PBXBuildFile; fileRef = 2AE9FAFA2D9256FC00C79F0E /* KeyboardManager.swift */; };
		2AE9FB052D925BF100C79F0E /* KeyboardObservingViewController.swift in Sources */ = {isa = PBXBuildFile; fileRef = 2AE9FB022D925BF100C79F0E /* KeyboardObservingViewController.swift */; };
		2AE9FB062D925BF100C79F0E /* MultilineTextField.swift in Sources */ = {isa = PBXBuildFile; fileRef = 2AE9FB032D925BF100C79F0E /* MultilineTextField.swift */; };
		2AE9FB072D925BF100C79F0E /* TextInputView.swift in Sources */ = {isa = PBXBuildFile; fileRef = 2AE9FB042D925BF100C79F0E /* TextInputView.swift */; };
		2AE9FB082D925BF100C79F0E /* DebugOutlineMode.swift in Sources */ = {isa = PBXBuildFile; fileRef = 2AE9FB002D925BF100C79F0E /* DebugOutlineMode.swift */; };
		2AE9FB092D925BF100C79F0E /* KeyboardAttachedView.swift in Sources */ = {isa = PBXBuildFile; fileRef = 2AE9FB012D925BF100C79F0E /* KeyboardAttachedView.swift */; };
		2AEC0FF32D7EA9ED00268460 /* ProcessToolUseService.swift in Sources */ = {isa = PBXBuildFile; fileRef = 2AEC0FF12D7EA9ED00268460 /* ProcessToolUseService.swift */; };
		2AF38BCC2D6EE8C600756FD8 /* Assets.xcassets in Resources */ = {isa = PBXBuildFile; fileRef = 2AF38BCB2D6EE8C600756FD8 /* Assets.xcassets */; };
		E4C961F42D73F9500012035F /* ThemeColorModifier.swift in Sources */ = {isa = PBXBuildFile; fileRef = 2A2A2A372A2A2A372A2A2A39 /* ThemeColorModifier.swift */; };
		E4C961F62D73F9600012035F /* ThemeSelectionView.swift in Sources */ = {isa = PBXBuildFile; fileRef = 2A2A2A392A2A2A392A2A2A41 /* ThemeSelectionView.swift */; };
		E4C961F72D73F9600012035F /* Theme.swift in Sources */ = {isa = PBXBuildFile; fileRef = 2A2A2A342A2A2A342A2A2A36 /* Theme.swift */; };
		E4C961F82D73F9600012035F /* ThemeManager.swift in Sources */ = {isa = PBXBuildFile; fileRef = 2A2A2A352A2A2A352A2A2A37 /* ThemeManager.swift */; };
		E4C961F92D73F9600012035F /* Color+Theme.swift in Sources */ = {isa = PBXBuildFile; fileRef = 2A2A2A362A2A2A362A2A2A38 /* Color+Theme.swift */; };
		E4C961FF2D741EDF0012035F /* ChatAutomaticMessageService.swift in Sources */ = {isa = PBXBuildFile; fileRef = E4C961FB2D741EDF0012035F /* ChatAutomaticMessageService.swift */; };
		E4C962002D741EDF0012035F /* ChatAPIService.swift in Sources */ = {isa = PBXBuildFile; fileRef = E4C961FA2D741EDF0012035F /* ChatAPIService.swift */; };
		E4C962012D741EDF0012035F /* ChatOperationStatusManager.swift in Sources */ = {isa = PBXBuildFile; fileRef = E4C961FC2D741EDF0012035F /* ChatOperationStatusManager.swift */; };
		E4C962022D741EDF0012035F /* ChatPersistenceManager.swift in Sources */ = {isa = PBXBuildFile; fileRef = E4C961FD2D741EDF0012035F /* ChatPersistenceManager.swift */; };
		E4C962032D741EDF0012035F /* ChatToolHandler.swift in Sources */ = {isa = PBXBuildFile; fileRef = E4C961FE2D741EDF0012035F /* ChatToolHandler.swift */; };
		E4C962052D741EFA0012035F /* DateFormatter+Shared.swift in Sources */ = {isa = PBXBuildFile; fileRef = E4C962042D741EFA0012035F /* DateFormatter+Shared.swift */; };
		E4C962072D7510730012035F /* CachePerformanceTracker.swift in Sources */ = {isa = PBXBuildFile; fileRef = E4C962062D7510730012035F /* CachePerformanceTracker.swift */; };
/* End PBXBuildFile section */

/* Begin PBXContainerItemProxy section */
		2A7B40032D6EFCFC004CF1E4 /* PBXContainerItemProxy */ = {
			isa = PBXContainerItemProxy;
			containerPortal = EEEEEEEEEEEEEEEEEEEEEE /* Project object */;
			proxyType = 1;
			remoteGlobalIDString = AAAAAAAAAAAAAAAAAAAAAA;
			remoteInfo = CosmiCoach;
		};
/* End PBXContainerItemProxy section */

/* Begin PBXFileReference section */
		2A06F4912D711B770030A1AE /* LocationManager.swift */ = {isa = PBXFileReference; lastKnownFileType = sourcecode.swift; path = LocationManager.swift; sourceTree = "<group>"; };
		2A2A2A2A2A2A2A2A2A2A2A2A /* ADHDCoachApp.swift */ = {isa = PBXFileReference; lastKnownFileType = sourcecode.swift; path = ADHDCoachApp.swift; sourceTree = "<group>"; };
		2A2A2A2A2A2A2A2A2A2A2A2B /* OperationStatusMessage.swift */ = {isa = PBXFileReference; lastKnownFileType = sourcecode.swift; path = OperationStatusMessage.swift; sourceTree = "<group>"; };
		2A2A2A2B2A2A2A2B2A2A2A2B /* ContentView.swift */ = {isa = PBXFileReference; lastKnownFileType = sourcecode.swift; path = ContentView.swift; sourceTree = "<group>"; };
		2A2A2A2C2A2A2A2C2A2A2A2C /* MessageBubbleView.swift */ = {isa = PBXFileReference; lastKnownFileType = sourcecode.swift; path = MessageBubbleView.swift; sourceTree = "<group>"; };
		2A2A2A2D2A2A2A2D2A2A2A2D /* SettingsView.swift */ = {isa = PBXFileReference; lastKnownFileType = sourcecode.swift; path = SettingsView.swift; sourceTree = "<group>"; };
		2A2A2A2D2A2A2A2D2A2A2A2F /* OperationStatusView.swift */ = {isa = PBXFileReference; lastKnownFileType = sourcecode.swift; path = OperationStatusView.swift; sourceTree = "<group>"; };
		2A2A2A2E2A2A2A2E2A2A2A2E /* ChatMessage.swift */ = {isa = PBXFileReference; lastKnownFileType = sourcecode.swift; path = ChatMessage.swift; sourceTree = "<group>"; };
		2A2A2A2F2A2A2A2F2A2A2A2F /* CalendarEvent.swift */ = {isa = PBXFileReference; lastKnownFileType = sourcecode.swift; path = CalendarEvent.swift; sourceTree = "<group>"; };
		2A2A2A302A2A2A302A2A2A30 /* ReminderItem.swift */ = {isa = PBXFileReference; lastKnownFileType = sourcecode.swift; path = ReminderItem.swift; sourceTree = "<group>"; };
		2A2A2A312A2A2A312A2A2A31 /* ChatManager.swift */ = {isa = PBXFileReference; lastKnownFileType = sourcecode.swift; path = ChatManager.swift; sourceTree = "<group>"; };
		2A2A2A322A2A2A322A2A2A32 /* EventKitManager.swift */ = {isa = PBXFileReference; lastKnownFileType = sourcecode.swift; path = EventKitManager.swift; sourceTree = "<group>"; };
		2A2A2A332A2A2A332A2A2A33 /* MemoryManager.swift */ = {isa = PBXFileReference; lastKnownFileType = sourcecode.swift; path = MemoryManager.swift; sourceTree = "<group>"; };
		2A2A2A342A2A2A342A2A2A34 /* Info.plist */ = {isa = PBXFileReference; lastKnownFileType = text.plist.xml; path = Info.plist; sourceTree = "<group>"; };
		2A2A2A342A2A2A342A2A2A36 /* Theme.swift */ = {isa = PBXFileReference; lastKnownFileType = sourcecode.swift; path = Theme.swift; sourceTree = "<group>"; };
		2A2A2A352A2A2A352A2A2A35 /* OnboardingView.swift */ = {isa = PBXFileReference; lastKnownFileType = sourcecode.swift; path = OnboardingView.swift; sourceTree = "<group>"; };
		2A2A2A352A2A2A352A2A2A37 /* ThemeManager.swift */ = {isa = PBXFileReference; lastKnownFileType = sourcecode.swift; path = ThemeManager.swift; sourceTree = "<group>"; };
		2A2A2A362A2A2A362A2A2A38 /* Color+Theme.swift */ = {isa = PBXFileReference; lastKnownFileType = sourcecode.swift; path = "Color+Theme.swift"; sourceTree = "<group>"; };
		2A2A2A372A2A2A372A2A2A39 /* ThemeColorModifier.swift */ = {isa = PBXFileReference; lastKnownFileType = sourcecode.swift; path = ThemeColorModifier.swift; sourceTree = "<group>"; };
		2A2A2A392A2A2A392A2A2A41 /* ThemeSelectionView.swift */ = {isa = PBXFileReference; lastKnownFileType = sourcecode.swift; path = ThemeSelectionView.swift; sourceTree = "<group>"; };
		2A2A2FD42D7E339F0059A323 /* MemoryContentView.swift */ = {isa = PBXFileReference; lastKnownFileType = sourcecode.swift; path = MemoryContentView.swift; sourceTree = "<group>"; };
		2A2A2FD62D7E379F0059A323 /* PromptCachingView.swift */ = {isa = PBXFileReference; lastKnownFileType = sourcecode.swift; path = PromptCachingView.swift; sourceTree = "<group>"; };
		2A2A2FD82D7E3A760059A323 /* APIConfigurationView.swift */ = {isa = PBXFileReference; lastKnownFileType = sourcecode.swift; path = APIConfigurationView.swift; sourceTree = "<group>"; };
		2A4F81B72D84F338005CC126 /* MarkdownTextView.swift */ = {isa = PBXFileReference; lastKnownFileType = sourcecode.swift; path = MarkdownTextView.swift; sourceTree = "<group>"; };
		2A712F0C2D79404100D148EC /* APIModels.swift */ = {isa = PBXFileReference; lastKnownFileType = sourcecode.swift; path = APIModels.swift; sourceTree = "<group>"; };
		2A712F0D2D79404100D148EC /* APIRequestBuilder.swift */ = {isa = PBXFileReference; lastKnownFileType = sourcecode.swift; path = APIRequestBuilder.swift; sourceTree = "<group>"; };
		2A771BA82D725173000B70E6 /* CommandModels.swift */ = {isa = PBXFileReference; lastKnownFileType = sourcecode.swift; path = CommandModels.swift; sourceTree = "<group>"; };
		2A7B3FFF2D6EFCFC004CF1E4 /* CosmiCoachTests.xctest */ = {isa = PBXFileReference; explicitFileType = wrapper.cfbundle; includeInIndex = 0; path = CosmiCoachTests.xctest; sourceTree = BUILT_PRODUCTS_DIR; };
		2A9A81CE2D8FC765002F3A74 /* MultipeerService.swift */ = {isa = PBXFileReference; lastKnownFileType = sourcecode.swift; path = MultipeerService.swift; sourceTree = "<group>"; };
		2A9A81CF2D8FC765002F3A74 /* MultipeerService+MCNearbyServiceAdvertiserDelegate.swift */ = {isa = PBXFileReference; lastKnownFileType = sourcecode.swift; path = "MultipeerService+MCNearbyServiceAdvertiserDelegate.swift"; sourceTree = "<group>"; };
		2A9A81D02D8FC765002F3A74 /* MultipeerService+MCNearbyServiceBrowserDelegate.swift */ = {isa = PBXFileReference; lastKnownFileType = sourcecode.swift; path = "MultipeerService+MCNearbyServiceBrowserDelegate.swift"; sourceTree = "<group>"; };
		2A9A81D12D8FC765002F3A74 /* MultipeerService+MCSessionDelegate.swift */ = {isa = PBXFileReference; lastKnownFileType = sourcecode.swift; path = "MultipeerService+MCSessionDelegate.swift"; sourceTree = "<group>"; };
		2A9A81D22D8FC765002F3A74 /* MultipeerService+PeerManagement.swift */ = {isa = PBXFileReference; lastKnownFileType = sourcecode.swift; path = "MultipeerService+PeerManagement.swift"; sourceTree = "<group>"; };
		2A9A81D32D8FC765002F3A74 /* MultipeerService+Persistence.swift */ = {isa = PBXFileReference; lastKnownFileType = sourcecode.swift; path = "MultipeerService+Persistence.swift"; sourceTree = "<group>"; };
		2A9A81D42D8FC765002F3A74 /* MultipeerService+UnifiedAccess.swift */ = {isa = PBXFileReference; lastKnownFileType = sourcecode.swift; path = "MultipeerService+UnifiedAccess.swift"; sourceTree = "<group>"; };
		2A9A81DC2D8FCD46002F3A74 /* SyncDevicesView.swift */ = {isa = PBXFileReference; lastKnownFileType = sourcecode.swift; path = SyncDevicesView.swift; sourceTree = "<group>"; };
		2AAF0EF92D8BA564002A3F7D /* SpeechManager.swift */ = {isa = PBXFileReference; lastKnownFileType = sourcecode.swift; path = SpeechManager.swift; sourceTree = "<group>"; };
		2AAF0EFB2D8BA57D002A3F7D /* SpeechSettingsView.swift */ = {isa = PBXFileReference; lastKnownFileType = sourcecode.swift; path = SpeechSettingsView.swift; sourceTree = "<group>"; };
		2AE9FAFA2D9256FC00C79F0E /* KeyboardManager.swift */ = {isa = PBXFileReference; lastKnownFileType = sourcecode.swift; path = KeyboardManager.swift; sourceTree = "<group>"; };
		2AE9FB002D925BF100C79F0E /* DebugOutlineMode.swift */ = {isa = PBXFileReference; lastKnownFileType = sourcecode.swift; path = DebugOutlineMode.swift; sourceTree = "<group>"; };
		2AE9FB012D925BF100C79F0E /* KeyboardAttachedView.swift */ = {isa = PBXFileReference; lastKnownFileType = sourcecode.swift; path = KeyboardAttachedView.swift; sourceTree = "<group>"; };
		2AE9FB022D925BF100C79F0E /* KeyboardObservingViewController.swift */ = {isa = PBXFileReference; lastKnownFileType = sourcecode.swift; path = KeyboardObservingViewController.swift; sourceTree = "<group>"; };
		2AE9FB032D925BF100C79F0E /* MultilineTextField.swift */ = {isa = PBXFileReference; lastKnownFileType = sourcecode.swift; path = MultilineTextField.swift; sourceTree = "<group>"; };
		2AE9FB042D925BF100C79F0E /* TextInputView.swift */ = {isa = PBXFileReference; lastKnownFileType = sourcecode.swift; path = TextInputView.swift; sourceTree = "<group>"; };
		2AEC0FF12D7EA9ED00268460 /* ProcessToolUseService.swift */ = {isa = PBXFileReference; lastKnownFileType = sourcecode.swift; path = ProcessToolUseService.swift; sourceTree = "<group>"; };
		2AF38BCB2D6EE8C600756FD8 /* Assets.xcassets */ = {isa = PBXFileReference; lastKnownFileType = folder.assetcatalog; name = Assets.xcassets; path = ADHDCoach/Assets.xcassets; sourceTree = "<group>"; };
		3A3A3A3A3A3A3A3A3A3A3A3A /* CosmiCoach.app */ = {isa = PBXFileReference; explicitFileType = wrapper.application; includeInIndex = 0; path = CosmiCoach.app; sourceTree = BUILT_PRODUCTS_DIR; };
		E4C961FA2D741EDF0012035F /* ChatAPIService.swift */ = {isa = PBXFileReference; lastKnownFileType = sourcecode.swift; path = ChatAPIService.swift; sourceTree = "<group>"; };
		E4C961FB2D741EDF0012035F /* ChatAutomaticMessageService.swift */ = {isa = PBXFileReference; lastKnownFileType = sourcecode.swift; path = ChatAutomaticMessageService.swift; sourceTree = "<group>"; };
		E4C961FC2D741EDF0012035F /* ChatOperationStatusManager.swift */ = {isa = PBXFileReference; lastKnownFileType = sourcecode.swift; path = ChatOperationStatusManager.swift; sourceTree = "<group>"; };
		E4C961FD2D741EDF0012035F /* ChatPersistenceManager.swift */ = {isa = PBXFileReference; lastKnownFileType = sourcecode.swift; path = ChatPersistenceManager.swift; sourceTree = "<group>"; };
		E4C961FE2D741EDF0012035F /* ChatToolHandler.swift */ = {isa = PBXFileReference; lastKnownFileType = sourcecode.swift; path = ChatToolHandler.swift; sourceTree = "<group>"; };
		E4C962042D741EFA0012035F /* DateFormatter+Shared.swift */ = {isa = PBXFileReference; lastKnownFileType = sourcecode.swift; path = "DateFormatter+Shared.swift"; sourceTree = "<group>"; };
		E4C962062D7510730012035F /* CachePerformanceTracker.swift */ = {isa = PBXFileReference; lastKnownFileType = sourcecode.swift; path = CachePerformanceTracker.swift; sourceTree = "<group>"; };
/* End PBXFileReference section */

/* Begin PBXFrameworksBuildPhase section */
		2A7B3FFC2D6EFCFC004CF1E4 /* Frameworks */ = {
			isa = PBXFrameworksBuildPhase;
			buildActionMask = 2147483647;
			files = (
			);
			runOnlyForDeploymentPostprocessing = 0;
		};
		4A4A4A4A4A4A4A4A4A4A4A4A /* Frameworks */ = {
			isa = PBXFrameworksBuildPhase;
			buildActionMask = 2147483647;
			files = (
			);
			runOnlyForDeploymentPostprocessing = 0;
		};
/* End PBXFrameworksBuildPhase section */

/* Begin PBXGroup section */
		2AEC0FF22D7EA9ED00268460 /* Services */ = {
			isa = PBXGroup;
			children = (
				2AEC0FF12D7EA9ED00268460 /* ProcessToolUseService.swift */,
				2A9A81CE2D8FC765002F3A74 /* MultipeerService.swift */,
				2A9A81CF2D8FC765002F3A74 /* MultipeerService+MCNearbyServiceAdvertiserDelegate.swift */,
				2A9A81D02D8FC765002F3A74 /* MultipeerService+MCNearbyServiceBrowserDelegate.swift */,
				2A9A81D12D8FC765002F3A74 /* MultipeerService+MCSessionDelegate.swift */,
				2A9A81D22D8FC765002F3A74 /* MultipeerService+PeerManagement.swift */,
				2A9A81D32D8FC765002F3A74 /* MultipeerService+Persistence.swift */,
				2A9A81D42D8FC765002F3A74 /* MultipeerService+UnifiedAccess.swift */,
			);
			path = Services;
			sourceTree = "<group>";
		};
		5A5A5A5A5A5A5A5A5A5A5A5A = {
			isa = PBXGroup;
			children = (
				2AF38BCB2D6EE8C600756FD8 /* Assets.xcassets */,
				6A6A6A6A6A6A6A6A6A6A6A6A /* ADHDCoach */,
				7A7A7A7A7A7A7A7A7A7A7A7A /* Products */,
			);
			sourceTree = "<group>";
		};
		6A6A6A6A6A6A6A6A6A6A6A6A /* ADHDCoach */ = {
			isa = PBXGroup;
			children = (
				2AE9FB002D925BF100C79F0E /* DebugOutlineMode.swift */,
				2AE9FB012D925BF100C79F0E /* KeyboardAttachedView.swift */,
				2AE9FB022D925BF100C79F0E /* KeyboardObservingViewController.swift */,
				2AE9FB032D925BF100C79F0E /* MultilineTextField.swift */,
				2AE9FB042D925BF100C79F0E /* TextInputView.swift */,
				2A2A2FD62D7E379F0059A323 /* PromptCachingView.swift */,
				2A2A2FD42D7E339F0059A323 /* MemoryContentView.swift */,
				2A2A2A2A2A2A2A2A2A2A2A2A /* ADHDCoachApp.swift */,
				2A2A2A2B2A2A2A2B2A2A2A2B /* ContentView.swift */,
				2A2A2A2C2A2A2A2C2A2A2A2C /* MessageBubbleView.swift */,
				2A9A81DC2D8FCD46002F3A74 /* SyncDevicesView.swift */,
				2A2A2A2D2A2A2A2D2A2A2A2D /* SettingsView.swift */,
				2A2A2FD82D7E3A760059A323 /* APIConfigurationView.swift */,
				2A2A2A352A2A2A352A2A2A35 /* OnboardingView.swift */,
				2A2A2A2D2A2A2A2D2A2A2A2F /* OperationStatusView.swift */,
				2A2A2A392A2A2A392A2A2A41 /* ThemeSelectionView.swift */,
				2AAF0EFB2D8BA57D002A3F7D /* SpeechSettingsView.swift */,
				8A8A8A8A8A8A8A8A8A8A8A8A /* Models */,
				9A9A9A9A9A9A9A9A9A9A9A9A /* Managers */,
				2AEC0FF22D7EA9ED00268460 /* Services */,
				AAAAAAAAAAAAAAAAAAAAAA1 /* Extensions */,
				2A2A2A342A2A2A342A2A2A34 /* Info.plist */,
			);
			path = ADHDCoach;
			sourceTree = "<group>";
		};
		7A7A7A7A7A7A7A7A7A7A7A7A /* Products */ = {
			isa = PBXGroup;
			children = (
				3A3A3A3A3A3A3A3A3A3A3A3A /* CosmiCoach.app */,
				2A7B3FFF2D6EFCFC004CF1E4 /* CosmiCoachTests.xctest */,
			);
			name = Products;
			sourceTree = "<group>";
		};
		8A8A8A8A8A8A8A8A8A8A8A8A /* Models */ = {
			isa = PBXGroup;
			children = (
				2A2A2A2E2A2A2A2E2A2A2A2E /* ChatMessage.swift */,
				2A2A2A2F2A2A2A2F2A2A2A2F /* CalendarEvent.swift */,
				2A2A2A302A2A2A302A2A2A30 /* ReminderItem.swift */,
				2A2A2A2A2A2A2A2A2A2A2A2B /* OperationStatusMessage.swift */,
				2A771BA82D725173000B70E6 /* CommandModels.swift */,
				2A2A2A342A2A2A342A2A2A36 /* Theme.swift */,
				2A712F0C2D79404100D148EC /* APIModels.swift */,
				2A712F0D2D79404100D148EC /* APIRequestBuilder.swift */,
			);
			path = Models;
			sourceTree = "<group>";
		};
		9A9A9A9A9A9A9A9A9A9A9A9A /* Managers */ = {
			isa = PBXGroup;
			children = (
				E4C962062D7510730012035F /* CachePerformanceTracker.swift */,
				E4C961FA2D741EDF0012035F /* ChatAPIService.swift */,
				E4C961FB2D741EDF0012035F /* ChatAutomaticMessageService.swift */,
				E4C961FC2D741EDF0012035F /* ChatOperationStatusManager.swift */,
				E4C961FD2D741EDF0012035F /* ChatPersistenceManager.swift */,
				E4C961FE2D741EDF0012035F /* ChatToolHandler.swift */,
				2A2A2A312A2A2A312A2A2A31 /* ChatManager.swift */,
				2A2A2A322A2A2A322A2A2A32 /* EventKitManager.swift */,
				2A2A2A332A2A2A332A2A2A33 /* MemoryManager.swift */,
				2A06F4912D711B770030A1AE /* LocationManager.swift */,
				2A2A2A352A2A2A352A2A2A37 /* ThemeManager.swift */,
				2AAF0EF92D8BA564002A3F7D /* SpeechManager.swift */,
				2AE9FAFA2D9256FC00C79F0E /* KeyboardManager.swift */,
			);
			path = Managers;
			sourceTree = "<group>";
		};
		AAAAAAAAAAAAAAAAAAAAAA1 /* Extensions */ = {
			isa = PBXGroup;
			children = (
				E4C962042D741EFA0012035F /* DateFormatter+Shared.swift */,
				2A2A2A362A2A2A362A2A2A38 /* Color+Theme.swift */,
				2A2A2A372A2A2A372A2A2A39 /* ThemeColorModifier.swift */,
				2A4F81B72D84F338005CC126 /* MarkdownTextView.swift */,
			);
			path = Extensions;
			sourceTree = "<group>";
		};
/* End PBXGroup section */

/* Begin PBXNativeTarget section */
		2A7B3FFE2D6EFCFC004CF1E4 /* CosmiCoachTests */ = {
			isa = PBXNativeTarget;
			buildConfigurationList = 2A7B40052D6EFCFC004CF1E4 /* Build configuration list for PBXNativeTarget "CosmiCoachTests" */;
			buildPhases = (
				2A7B3FFB2D6EFCFC004CF1E4 /* Sources */,
				2A7B3FFC2D6EFCFC004CF1E4 /* Frameworks */,
				2A7B3FFD2D6EFCFC004CF1E4 /* Resources */,
			);
			buildRules = (
			);
			dependencies = (
				2A7B40042D6EFCFC004CF1E4 /* PBXTargetDependency */,
			);
			name = CosmiCoachTests;
			packageProductDependencies = (
			);
			productName = ADHDCoachTests;
			productReference = 2A7B3FFF2D6EFCFC004CF1E4 /* CosmiCoachTests.xctest */;
			productType = "com.apple.product-type.bundle.unit-test";
		};
		AAAAAAAAAAAAAAAAAAAAAA /* CosmiCoach */ = {
			isa = PBXNativeTarget;
			buildConfigurationList = BBBBBBBBBBBBBBBBBBBBBB /* Build configuration list for PBXNativeTarget "CosmiCoach" */;
			buildPhases = (
				4A4A4A4A4A4A4A4A4A4A4A4A /* Frameworks */,
				CCCCCCCCCCCCCCCCCCCCCC /* Sources */,
				DDDDDDDDDDDDDDDDDDDDDD /* Resources */,
			);
			buildRules = (
			);
			dependencies = (
			);
			name = CosmiCoach;
			productName = ADHDCoach;
			productReference = 3A3A3A3A3A3A3A3A3A3A3A3A /* CosmiCoach.app */;
			productType = "com.apple.product-type.application";
		};
/* End PBXNativeTarget section */

/* Begin PBXProject section */
		EEEEEEEEEEEEEEEEEEEEEE /* Project object */ = {
			isa = PBXProject;
			attributes = {
				BuildIndependentTargetsInParallel = 1;
				LastSwiftUpdateCheck = 1600;
				LastUpgradeCheck = 1500;
				TargetAttributes = {
					2A7B3FFE2D6EFCFC004CF1E4 = {
						CreatedOnToolsVersion = 16.0;
						TestTargetID = AAAAAAAAAAAAAAAAAAAAAA;
					};
					AAAAAAAAAAAAAAAAAAAAAA = {
						CreatedOnToolsVersion = 15.0;
					};
				};
			};
			buildConfigurationList = FFFFFFFFFFFFFFFFFFFFFFFF /* Build configuration list for PBXProject "CosmiCoach" */;
			compatibilityVersion = "Xcode 14.0";
			developmentRegion = en;
			hasScannedForEncodings = 0;
			knownRegions = (
				en,
				Base,
			);
			mainGroup = 5A5A5A5A5A5A5A5A5A5A5A5A;
			packageReferences = (
			);
			productRefGroup = 7A7A7A7A7A7A7A7A7A7A7A7A /* Products */;
			projectDirPath = "";
			projectRoot = "";
			targets = (
				AAAAAAAAAAAAAAAAAAAAAA /* CosmiCoach */,
				2A7B3FFE2D6EFCFC004CF1E4 /* CosmiCoachTests */,
			);
		};
/* End PBXProject section */

/* Begin PBXResourcesBuildPhase section */
		2A7B3FFD2D6EFCFC004CF1E4 /* Resources */ = {
			isa = PBXResourcesBuildPhase;
			buildActionMask = 2147483647;
			files = (
			);
			runOnlyForDeploymentPostprocessing = 0;
		};
		DDDDDDDDDDDDDDDDDDDDDD /* Resources */ = {
			isa = PBXResourcesBuildPhase;
			buildActionMask = 2147483647;
			files = (
				2AF38BCC2D6EE8C600756FD8 /* Assets.xcassets in Resources */,
			);
			runOnlyForDeploymentPostprocessing = 0;
		};
/* End PBXResourcesBuildPhase section */

/* Begin PBXSourcesBuildPhase section */
		2A7B3FFB2D6EFCFC004CF1E4 /* Sources */ = {
			isa = PBXSourcesBuildPhase;
			buildActionMask = 2147483647;
			files = (
			);
			runOnlyForDeploymentPostprocessing = 0;
		};
		CCCCCCCCCCCCCCCCCCCCCC /* Sources */ = {
			isa = PBXSourcesBuildPhase;
			buildActionMask = 2147483647;
			files = (
				E4C961F62D73F9600012035F /* ThemeSelectionView.swift in Sources */,
				E4C961F72D73F9600012035F /* Theme.swift in Sources */,
				2A2A2FD92D7E3A760059A323 /* APIConfigurationView.swift in Sources */,
				2A9A81DD2D8FCD46002F3A74 /* SyncDevicesView.swift in Sources */,
				E4C961F82D73F9600012035F /* ThemeManager.swift in Sources */,
				E4C962052D741EFA0012035F /* DateFormatter+Shared.swift in Sources */,
				2A2A2FD72D7E37A00059A323 /* PromptCachingView.swift in Sources */,
				2AAF0EFA2D8BA564002A3F7D /* SpeechManager.swift in Sources */,
				2AAF0EFC2D8BA57D002A3F7D /* SpeechSettingsView.swift in Sources */,
				E4C961F92D73F9600012035F /* Color+Theme.swift in Sources */,
				E4C961F42D73F9500012035F /* ThemeColorModifier.swift in Sources */,
				1A1A1A1A1A1A1A1A1A1A1A1A /* ADHDCoachApp.swift in Sources */,
				E4C961FF2D741EDF0012035F /* ChatAutomaticMessageService.swift in Sources */,
				2A712F0E2D79404100D148EC /* APIModels.swift in Sources */,
				2A712F0F2D79404100D148EC /* APIRequestBuilder.swift in Sources */,
				E4C962002D741EDF0012035F /* ChatAPIService.swift in Sources */,
				2AE9FB052D925BF100C79F0E /* KeyboardObservingViewController.swift in Sources */,
				2AE9FB062D925BF100C79F0E /* MultilineTextField.swift in Sources */,
				2AE9FB072D925BF100C79F0E /* TextInputView.swift in Sources */,
				2AE9FB082D925BF100C79F0E /* DebugOutlineMode.swift in Sources */,
				2AE9FB092D925BF100C79F0E /* KeyboardAttachedView.swift in Sources */,
				E4C962012D741EDF0012035F /* ChatOperationStatusManager.swift in Sources */,
				2AE9FAFB2D9256FC00C79F0E /* KeyboardManager.swift in Sources */,
				E4C962022D741EDF0012035F /* ChatPersistenceManager.swift in Sources */,
				2A2A2FD52D7E339F0059A323 /* MemoryContentView.swift in Sources */,
				E4C962032D741EDF0012035F /* ChatToolHandler.swift in Sources */,
				2A771BA92D725173000B70E6 /* CommandModels.swift in Sources */,
				1A1A1A1A1A1A1A1A1A1A1A1B /* OperationStatusMessage.swift in Sources */,
				1A1A1A1B1A1A1A1B1A1A1A1B /* ContentView.swift in Sources */,
				2A4F81B82D84F338005CC126 /* MarkdownTextView.swift in Sources */,
				1A1A1A1C1A1A1A1C1A1A1A1C /* MessageBubbleView.swift in Sources */,
				1A1A1A1D1A1A1A1D1A1A1A1D /* SettingsView.swift in Sources */,
				2AEC0FF32D7EA9ED00268460 /* ProcessToolUseService.swift in Sources */,
				1A1A1A1D1A1A1A1D1A1A1A1F /* OperationStatusView.swift in Sources */,
				E4C962072D7510730012035F /* CachePerformanceTracker.swift in Sources */,
				1A1A1A1E1A1A1A1E1A1A1A1E /* ChatMessage.swift in Sources */,
				1A1A1A1F1A1A1A1F1A1A1A1F /* CalendarEvent.swift in Sources */,
				1A1A1A201A1A1A201A1A1A20 /* ReminderItem.swift in Sources */,
				1A1A1A211A1A1A211A1A1A21 /* ChatManager.swift in Sources */,
				2A9A81D52D8FC765002F3A74 /* MultipeerService+MCNearbyServiceBrowserDelegate.swift in Sources */,
				2A9A81D62D8FC765002F3A74 /* MultipeerService.swift in Sources */,
				2A9A81D72D8FC765002F3A74 /* MultipeerService+Persistence.swift in Sources */,
				2A9A81D82D8FC765002F3A74 /* MultipeerService+PeerManagement.swift in Sources */,
				2A9A81D92D8FC765002F3A74 /* MultipeerService+MCNearbyServiceAdvertiserDelegate.swift in Sources */,
				2A9A81DA2D8FC765002F3A74 /* MultipeerService+MCSessionDelegate.swift in Sources */,
				2A9A81DB2D8FC765002F3A74 /* MultipeerService+UnifiedAccess.swift in Sources */,
				2A06F4922D711B770030A1AE /* LocationManager.swift in Sources */,
				1A1A1A221A1A1A221A1A1A22 /* EventKitManager.swift in Sources */,
				1A1A1A231A1A1A231A1A1A23 /* MemoryManager.swift in Sources */,
				2ABF1DA72D6FFEFE00E5A6C1 /* OnboardingView.swift in Sources */,
			);
			runOnlyForDeploymentPostprocessing = 0;
		};
/* End PBXSourcesBuildPhase section */

/* Begin PBXTargetDependency section */
		2A7B40042D6EFCFC004CF1E4 /* PBXTargetDependency */ = {
			isa = PBXTargetDependency;
			target = AAAAAAAAAAAAAAAAAAAAAA /* CosmiCoach */;
			targetProxy = 2A7B40032D6EFCFC004CF1E4 /* PBXContainerItemProxy */;
		};
/* End PBXTargetDependency section */

/* Begin XCBuildConfiguration section */
		2A7B40062D6EFCFC004CF1E4 /* Debug */ = {
			isa = XCBuildConfiguration;
			buildSettings = {
				BUNDLE_LOADER = "$(TEST_HOST)";
				CODE_SIGN_STYLE = Automatic;
				CURRENT_PROJECT_VERSION = 1;
				DEVELOPMENT_TEAM = J63492PZ7Q;
				GENERATE_INFOPLIST_FILE = YES;
				IPHONEOS_DEPLOYMENT_TARGET = 18.0;
				MARKETING_VERSION = 1.0;
				PRODUCT_BUNDLE_IDENTIFIER = info.infopop.ADHDCoachTests;
				PRODUCT_NAME = "$(TARGET_NAME)";
				SWIFT_EMIT_LOC_STRINGS = NO;
				SWIFT_VERSION = 5.0;
				TARGETED_DEVICE_FAMILY = "1,2";
				TEST_HOST = "$(BUILT_PRODUCTS_DIR)/CosmiCoach.app/$(BUNDLE_EXECUTABLE_FOLDER_PATH)/CosmiCoach";
			};
			name = Debug;
		};
		2A7B40072D6EFCFC004CF1E4 /* Release */ = {
			isa = XCBuildConfiguration;
			buildSettings = {
				BUNDLE_LOADER = "$(TEST_HOST)";
				CODE_SIGN_STYLE = Automatic;
				CURRENT_PROJECT_VERSION = 1;
				DEVELOPMENT_TEAM = J63492PZ7Q;
				GENERATE_INFOPLIST_FILE = YES;
				IPHONEOS_DEPLOYMENT_TARGET = 18.0;
				MARKETING_VERSION = 1.0;
				PRODUCT_BUNDLE_IDENTIFIER = info.infopop.ADHDCoachTests;
				PRODUCT_NAME = "$(TARGET_NAME)";
				SWIFT_EMIT_LOC_STRINGS = NO;
				SWIFT_VERSION = 5.0;
				TARGETED_DEVICE_FAMILY = "1,2";
				TEST_HOST = "$(BUILT_PRODUCTS_DIR)/CosmiCoach.app/$(BUNDLE_EXECUTABLE_FOLDER_PATH)/CosmiCoach";
			};
			name = Release;
		};
		GGGGGGGGGGGGGGGGGGGGGG /* Debug */ = {
			isa = XCBuildConfiguration;
			buildSettings = {
				ALWAYS_SEARCH_USER_PATHS = NO;
				ASSETCATALOG_COMPILER_GENERATE_SWIFT_ASSET_SYMBOL_EXTENSIONS = YES;
				CLANG_ANALYZER_NONNULL = YES;
				CLANG_ANALYZER_NUMBER_OBJECT_CONVERSION = YES_AGGRESSIVE;
				CLANG_CXX_LANGUAGE_STANDARD = "gnu++20";
				CLANG_ENABLE_MODULES = YES;
				CLANG_ENABLE_OBJC_ARC = YES;
				CLANG_ENABLE_OBJC_WEAK = YES;
				CLANG_WARN_BLOCK_CAPTURE_AUTORELEASING = YES;
				CLANG_WARN_BOOL_CONVERSION = YES;
				CLANG_WARN_COMMA = YES;
				CLANG_WARN_CONSTANT_CONVERSION = YES;
				CLANG_WARN_DEPRECATED_OBJC_IMPLEMENTATIONS = YES;
				CLANG_WARN_DIRECT_OBJC_ISA_USAGE = YES_ERROR;
				CLANG_WARN_DOCUMENTATION_COMMENTS = YES;
				CLANG_WARN_EMPTY_BODY = YES;
				CLANG_WARN_ENUM_CONVERSION = YES;
				CLANG_WARN_INFINITE_RECURSION = YES;
				CLANG_WARN_INT_CONVERSION = YES;
				CLANG_WARN_NON_LITERAL_NULL_CONVERSION = YES;
				CLANG_WARN_OBJC_IMPLICIT_RETAIN_SELF = YES;
				CLANG_WARN_OBJC_LITERAL_CONVERSION = YES;
				CLANG_WARN_OBJC_ROOT_CLASS = YES_ERROR;
				CLANG_WARN_QUOTED_INCLUDE_IN_FRAMEWORK_HEADER = YES;
				CLANG_WARN_RANGE_LOOP_ANALYSIS = YES;
				CLANG_WARN_STRICT_PROTOTYPES = YES;
				CLANG_WARN_SUSPICIOUS_MOVE = YES;
				CLANG_WARN_UNGUARDED_AVAILABILITY = YES_AGGRESSIVE;
				CLANG_WARN_UNREACHABLE_CODE = YES;
				CLANG_WARN__DUPLICATE_METHOD_MATCH = YES;
				COPY_PHASE_STRIP = NO;
				DEBUG_INFORMATION_FORMAT = dwarf;
				ENABLE_STRICT_OBJC_MSGSEND = YES;
				ENABLE_TESTABILITY = YES;
				ENABLE_USER_SCRIPT_SANDBOXING = YES;
				GCC_C_LANGUAGE_STANDARD = gnu17;
				GCC_DYNAMIC_NO_PIC = NO;
				GCC_NO_COMMON_BLOCKS = YES;
				GCC_OPTIMIZATION_LEVEL = 0;
				GCC_PREPROCESSOR_DEFINITIONS = (
					"DEBUG=1",
					"$(inherited)",
				);
				GCC_WARN_64_TO_32_BIT_CONVERSION = YES;
				GCC_WARN_ABOUT_RETURN_TYPE = YES_ERROR;
				GCC_WARN_UNDECLARED_SELECTOR = YES;
				GCC_WARN_UNINITIALIZED_AUTOS = YES_AGGRESSIVE;
				GCC_WARN_UNUSED_FUNCTION = YES;
				GCC_WARN_UNUSED_VARIABLE = YES;
				IPHONEOS_DEPLOYMENT_TARGET = 17.0;
				LOCALIZATION_PREFERS_STRING_CATALOGS = YES;
				MTL_ENABLE_DEBUG_INFO = INCLUDE_SOURCE;
				MTL_FAST_MATH = YES;
				ONLY_ACTIVE_ARCH = YES;
				SDKROOT = iphoneos;
				SWIFT_ACTIVE_COMPILATION_CONDITIONS = "DEBUG $(inherited)";
				SWIFT_OPTIMIZATION_LEVEL = "-Onone";
			};
			name = Debug;
		};
		HHHHHHHHHHHHHHHHHHHHHH /* Release */ = {
			isa = XCBuildConfiguration;
			buildSettings = {
				ALWAYS_SEARCH_USER_PATHS = NO;
				ASSETCATALOG_COMPILER_GENERATE_SWIFT_ASSET_SYMBOL_EXTENSIONS = YES;
				CLANG_ANALYZER_NONNULL = YES;
				CLANG_ANALYZER_NUMBER_OBJECT_CONVERSION = YES_AGGRESSIVE;
				CLANG_CXX_LANGUAGE_STANDARD = "gnu++20";
				CLANG_ENABLE_MODULES = YES;
				CLANG_ENABLE_OBJC_ARC = YES;
				CLANG_ENABLE_OBJC_WEAK = YES;
				CLANG_WARN_BLOCK_CAPTURE_AUTORELEASING = YES;
				CLANG_WARN_BOOL_CONVERSION = YES;
				CLANG_WARN_COMMA = YES;
				CLANG_WARN_CONSTANT_CONVERSION = YES;
				CLANG_WARN_DEPRECATED_OBJC_IMPLEMENTATIONS = YES;
				CLANG_WARN_DIRECT_OBJC_ISA_USAGE = YES_ERROR;
				CLANG_WARN_DOCUMENTATION_COMMENTS = YES;
				CLANG_WARN_EMPTY_BODY = YES;
				CLANG_WARN_ENUM_CONVERSION = YES;
				CLANG_WARN_INFINITE_RECURSION = YES;
				CLANG_WARN_INT_CONVERSION = YES;
				CLANG_WARN_NON_LITERAL_NULL_CONVERSION = YES;
				CLANG_WARN_OBJC_IMPLICIT_RETAIN_SELF = YES;
				CLANG_WARN_OBJC_LITERAL_CONVERSION = YES;
				CLANG_WARN_OBJC_ROOT_CLASS = YES_ERROR;
				CLANG_WARN_QUOTED_INCLUDE_IN_FRAMEWORK_HEADER = YES;
				CLANG_WARN_RANGE_LOOP_ANALYSIS = YES;
				CLANG_WARN_STRICT_PROTOTYPES = YES;
				CLANG_WARN_SUSPICIOUS_MOVE = YES;
				CLANG_WARN_UNGUARDED_AVAILABILITY = YES_AGGRESSIVE;
				CLANG_WARN_UNREACHABLE_CODE = YES;
				CLANG_WARN__DUPLICATE_METHOD_MATCH = YES;
				COPY_PHASE_STRIP = NO;
				DEBUG_INFORMATION_FORMAT = "dwarf-with-dsym";
				ENABLE_NS_ASSERTIONS = NO;
				ENABLE_STRICT_OBJC_MSGSEND = YES;
				ENABLE_USER_SCRIPT_SANDBOXING = YES;
				GCC_C_LANGUAGE_STANDARD = gnu17;
				GCC_NO_COMMON_BLOCKS = YES;
				GCC_WARN_64_TO_32_BIT_CONVERSION = YES;
				GCC_WARN_ABOUT_RETURN_TYPE = YES_ERROR;
				GCC_WARN_UNDECLARED_SELECTOR = YES;
				GCC_WARN_UNINITIALIZED_AUTOS = YES_AGGRESSIVE;
				GCC_WARN_UNUSED_FUNCTION = YES;
				GCC_WARN_UNUSED_VARIABLE = YES;
				IPHONEOS_DEPLOYMENT_TARGET = 17.0;
				LOCALIZATION_PREFERS_STRING_CATALOGS = YES;
				MTL_ENABLE_DEBUG_INFO = NO;
				MTL_FAST_MATH = YES;
				SDKROOT = iphoneos;
				SWIFT_COMPILATION_MODE = wholemodule;
				VALIDATE_PRODUCT = YES;
			};
			name = Release;
		};
		IIIIIIIIIIIIIIIIIIIIII /* Debug */ = {
			isa = XCBuildConfiguration;
			buildSettings = {
				ASSETCATALOG_COMPILER_APPICON_NAME = AppIcon;
				ASSETCATALOG_COMPILER_GLOBAL_ACCENT_COLOR_NAME = AccentColor;
				CODE_SIGN_STYLE = Automatic;
				CURRENT_PROJECT_VERSION = 1;
				DEVELOPMENT_ASSET_PATHS = "";
				DEVELOPMENT_TEAM = 5ZHCJ283JS;
				ENABLE_PREVIEWS = YES;
				GENERATE_INFOPLIST_FILE = YES;
				INFOPLIST_FILE = ADHDCoach/Info.plist;
				INFOPLIST_KEY_CFBundleDisplayName = CosmiCoach;
				INFOPLIST_KEY_LSApplicationCategoryType = "public.app-category.productivity";
				INFOPLIST_KEY_NSCalendarsUsageDescription = "CosmiCoach needs access to your calendar to help you manage your schedule and provide context-aware coaching.";
				INFOPLIST_KEY_NSLocationWhenInUseUsageDescription = "CosmiCoach needs your location to provide context-aware assistance";
				INFOPLIST_KEY_NSRemindersUsageDescription = "CosmiCoach needs access to your reminders to help you manage your tasks and provide context-aware coaching.";
				INFOPLIST_KEY_UIApplicationSupportsIndirectInputEvents = YES;
				INFOPLIST_KEY_UILaunchScreen_Generation = YES;
				INFOPLIST_KEY_UISupportedInterfaceOrientations_iPad = "UIInterfaceOrientationPortrait UIInterfaceOrientationPortraitUpsideDown UIInterfaceOrientationLandscapeLeft UIInterfaceOrientationLandscapeRight";
				INFOPLIST_KEY_UISupportedInterfaceOrientations_iPhone = "UIInterfaceOrientationPortrait UIInterfaceOrientationLandscapeLeft UIInterfaceOrientationLandscapeRight";
				LD_RUNPATH_SEARCH_PATHS = (
					"$(inherited)",
					"@executable_path/Frameworks",
				);
				MARKETING_VERSION = 1.0;
				PRODUCT_BUNDLE_IDENTIFIER = com.CosmiCoLabs.CosmiCoach;
				PRODUCT_NAME = "$(TARGET_NAME)";
				SWIFT_EMIT_LOC_STRINGS = YES;
				SWIFT_VERSION = 5.0;
				TARGETED_DEVICE_FAMILY = "1,2";
			};
			name = Debug;
		};
		JJJJJJJJJJJJJJJJJJJJJJ /* Release */ = {
			isa = XCBuildConfiguration;
			buildSettings = {
				ASSETCATALOG_COMPILER_APPICON_NAME = AppIcon;
				ASSETCATALOG_COMPILER_GLOBAL_ACCENT_COLOR_NAME = AccentColor;
				CODE_SIGN_STYLE = Automatic;
				CURRENT_PROJECT_VERSION = 1;
				DEVELOPMENT_ASSET_PATHS = "";
				DEVELOPMENT_TEAM = 5ZHCJ283JS;
				ENABLE_PREVIEWS = YES;
				GENERATE_INFOPLIST_FILE = YES;
				INFOPLIST_FILE = ADHDCoach/Info.plist;
				INFOPLIST_KEY_CFBundleDisplayName = CosmiCoach;
				INFOPLIST_KEY_LSApplicationCategoryType = "public.app-category.productivity";
				INFOPLIST_KEY_NSCalendarsUsageDescription = "CosmiCoach needs access to your calendar to help you manage your schedule and provide context-aware coaching.";
				INFOPLIST_KEY_NSLocationWhenInUseUsageDescription = "CosmiCoach needs your location to provide context-aware assistance";
				INFOPLIST_KEY_NSRemindersUsageDescription = "CosmiCoach needs access to your reminders to help you manage your tasks and provide context-aware coaching.";
				INFOPLIST_KEY_UIApplicationSupportsIndirectInputEvents = YES;
				INFOPLIST_KEY_UILaunchScreen_Generation = YES;
				INFOPLIST_KEY_UISupportedInterfaceOrientations_iPad = "UIInterfaceOrientationPortrait UIInterfaceOrientationPortraitUpsideDown UIInterfaceOrientationLandscapeLeft UIInterfaceOrientationLandscapeRight";
				INFOPLIST_KEY_UISupportedInterfaceOrientations_iPhone = "UIInterfaceOrientationPortrait UIInterfaceOrientationLandscapeLeft UIInterfaceOrientationLandscapeRight";
				LD_RUNPATH_SEARCH_PATHS = (
					"$(inherited)",
					"@executable_path/Frameworks",
				);
				MARKETING_VERSION = 1.0;
				PRODUCT_BUNDLE_IDENTIFIER = com.CosmiCoLabs.CosmiCoach;
				PRODUCT_NAME = "$(TARGET_NAME)";
				SWIFT_EMIT_LOC_STRINGS = YES;
				SWIFT_VERSION = 5.0;
				TARGETED_DEVICE_FAMILY = "1,2";
			};
			name = Release;
		};
/* End XCBuildConfiguration section */

/* Begin XCConfigurationList section */
		2A7B40052D6EFCFC004CF1E4 /* Build configuration list for PBXNativeTarget "CosmiCoachTests" */ = {
			isa = XCConfigurationList;
			buildConfigurations = (
				2A7B40062D6EFCFC004CF1E4 /* Debug */,
				2A7B40072D6EFCFC004CF1E4 /* Release */,
			);
			defaultConfigurationIsVisible = 0;
			defaultConfigurationName = Release;
		};
		BBBBBBBBBBBBBBBBBBBBBB /* Build configuration list for PBXNativeTarget "CosmiCoach" */ = {
			isa = XCConfigurationList;
			buildConfigurations = (
				IIIIIIIIIIIIIIIIIIIIII /* Debug */,
				JJJJJJJJJJJJJJJJJJJJJJ /* Release */,
			);
			defaultConfigurationIsVisible = 0;
			defaultConfigurationName = Release;
		};
		FFFFFFFFFFFFFFFFFFFFFFFF /* Build configuration list for PBXProject "CosmiCoach" */ = {
			isa = XCConfigurationList;
			buildConfigurations = (
				GGGGGGGGGGGGGGGGGGGGGG /* Debug */,
				HHHHHHHHHHHHHHHHHHHHHH /* Release */,
			);
			defaultConfigurationIsVisible = 0;
			defaultConfigurationName = Release;
		};
/* End XCConfigurationList section */
	};
	rootObject = EEEEEEEEEEEEEEEEEEEEEE /* Project object */;
}
